
Microsoft Visual Studio Solution File, Format Version 12.00
# Visual Studio Version 16
VisualStudioVersion = 16.0.33927.289
MinimumVisualStudioVersion = 10.0.40219.1
Project("{FAE04EC0-301F-11D3-BF4B-00C04F79EFBC}") = "Tyuiu.LebedevIV.Sprint1.Task0.V17", "Tyuiu.LebedevIV.Sprint1.Task0.V17\Tyuiu.LebedevIV.Sprint1.Task0.V17.csproj", "{BAD95BEE-FF7B-4764-B3AE-5EECAB49B611}"
EndProject
Project("{FAE04EC0-301F-11D3-BF4B-00C04F79EFBC}") = "Tyuiu.LebedevIV.Sprint1.Task0.V17.Test", "Tyuiu.LebedevIV.Sprint1.Task0.V17.Test\Tyuiu.LebedevIV.Sprint1.Task0.V17.Test.csproj", "{9D091D19-9B96-49A5-9081-D79284430509}"
EndProject
Project("{FAE04EC0-301F-11D3-BF4B-00C04F79EFBC}") = "Tyuiu.LebedevIV.Sprint1.Task0.V17.Lib", "Tyuiu.LebedevIV.Sprint1.Task0.V17.Lib\Tyuiu.LebedevIV.Sprint1.Task0.V17.Lib.csproj", "{D5607AB0-F106-4260-8CC4-4EB94D6A9189}"
EndProject
Project("{FAE04EC0-301F-11D3-BF4B-00C04F79EFBC}") = "Tyuiu.LebedevIV.Sprint1.Task1.V24", "Tyuiu.LebedevIV.Sprint1.Task1.V24\Tyuiu.LebedevIV.Sprint1.Task1.V24.csproj", "{B1FC8B2D-C816-410C-ACA0-2162038C25C3}"
EndProject
Project("{FAE04EC0-301F-11D3-BF4B-00C04F79EFBC}") = "Tyuiu.LebedevIV.Sprint1.Task1.V24.Lib", "Tyuiu.LebedevIV.Sprint1.Task1.V24.Lib\Tyuiu.LebedevIV.Sprint1.Task1.V24.Lib.csproj", "{0A06CCC8-A0E3-4B3D-90F0-217365353478}"
EndProject
Project("{FAE04EC0-301F-11D3-BF4B-00C04F79EFBC}") = "Tyuiu.LebedevIV.Sprint1.Task1.V24.Test", "Tyuiu.LebedevIV.Sprint1.Task1.V24.Test\Tyuiu.LebedevIV.Sprint1.Task1.V24.Test.csproj", "{C33EF3A2-25A3-4B49-8E44-8F9AECB897BE}"
EndProject
Project("{FAE04EC0-301F-11D3-BF4B-00C04F79EFBC}") = "Tyuiu.LebedevIV.Sprint1.Task2.V23", "Tyuiu.LebedevIV.Sprint1.Task2.V23\Tyuiu.LebedevIV.Sprint1.Task2.V23.csproj", "{E6200BFA-63CE-4ECF-AD51-7304E42B4A83}"
EndProject
Project("{FAE04EC0-301F-11D3-BF4B-00C04F79EFBC}") = "Tyuiu.LebedevIV.Sprint1.Task2.V23.Lib", "Tyuiu.LebedevIV.Sprint1.Task2.V23.Lib\Tyuiu.LebedevIV.Sprint1.Task2.V23.Lib.csproj", "{6F0E4386-D2A4-45E7-9734-DED977101021}"
EndProject
Project("{FAE04EC0-301F-11D3-BF4B-00C04F79EFBC}") = "Tyuiu.LebedevIV.Sprint1.Task2.V23.Test", "Tyuiu.LebedevIV.Sprint1.Task2.V23.Test\Tyuiu.LebedevIV.Sprint1.Task2.V23.Test.csproj", "{C78143B5-8AF0-4CC8-A6EB-4AC371F66DD7}"
EndProject
Project("{FAE04EC0-301F-11D3-BF4B-00C04F79EFBC}") = "Tyuiu.LebedevIV.Sprint1.Task3.V19", "Tyuiu.LebedevIV.Sprint1.Task3.V19\Tyuiu.LebedevIV.Sprint1.Task3.V19.csproj", "{613F3399-9B76-42B9-BA60-B07EA4796CB6}"
EndProject
Project("{FAE04EC0-301F-11D3-BF4B-00C04F79EFBC}") = "Tyuiu.LebedevIV.Sprint1.Task3.V19.Test", "Tyuiu.LebedevIV.Sprint1.Task3.V19.Test\Tyuiu.LebedevIV.Sprint1.Task3.V19.Test.csproj", "{1F515BDB-8C42-4A76-A4AD-53A5A3524B69}"
EndProject
Project("{FAE04EC0-301F-11D3-BF4B-00C04F79EFBC}") = "Tyuiu.LebedevIV.Sprint1.Task3.V19.Lib", "Tyuiu.LebedevIV.Sprint1.Task3.V19.Lib\Tyuiu.LebedevIV.Sprint1.Task3.V19.Lib.csproj", "{B97DE23D-32E1-4FBF-9997-21B60A980203}"
EndProject
Global
	GlobalSection(SolutionConfigurationPlatforms) = preSolution
		Debug|Any CPU = Debug|Any CPU
		Release|Any CPU = Release|Any CPU
	EndGlobalSection
	GlobalSection(ProjectConfigurationPlatforms) = postSolution
		{BAD95BEE-FF7B-4764-B3AE-5EECAB49B611}.Debug|Any CPU.ActiveCfg = Debug|Any CPU
		{BAD95BEE-FF7B-4764-B3AE-5EECAB49B611}.Debug|Any CPU.Build.0 = Debug|Any CPU
		{BAD95BEE-FF7B-4764-B3AE-5EECAB49B611}.Release|Any CPU.ActiveCfg = Release|Any CPU
		{BAD95BEE-FF7B-4764-B3AE-5EECAB49B611}.Release|Any CPU.Build.0 = Release|Any CPU
		{9D091D19-9B96-49A5-9081-D79284430509}.Debug|Any CPU.ActiveCfg = Debug|Any CPU
		{9D091D19-9B96-49A5-9081-D79284430509}.Debug|Any CPU.Build.0 = Debug|Any CPU
		{9D091D19-9B96-49A5-9081-D79284430509}.Release|Any CPU.ActiveCfg = Release|Any CPU
		{9D091D19-9B96-49A5-9081-D79284430509}.Release|Any CPU.Build.0 = Release|Any CPU
		{D5607AB0-F106-4260-8CC4-4EB94D6A9189}.Debug|Any CPU.ActiveCfg = Debug|Any CPU
		{D5607AB0-F106-4260-8CC4-4EB94D6A9189}.Debug|Any CPU.Build.0 = Debug|Any CPU
		{D5607AB0-F106-4260-8CC4-4EB94D6A9189}.Release|Any CPU.ActiveCfg = Release|Any CPU
		{D5607AB0-F106-4260-8CC4-4EB94D6A9189}.Release|Any CPU.Build.0 = Release|Any CPU
		{B1FC8B2D-C816-410C-ACA0-2162038C25C3}.Debug|Any CPU.ActiveCfg = Debug|Any CPU
		{B1FC8B2D-C816-410C-ACA0-2162038C25C3}.Debug|Any CPU.Build.0 = Debug|Any CPU
		{B1FC8B2D-C816-410C-ACA0-2162038C25C3}.Release|Any CPU.ActiveCfg = Release|Any CPU
		{B1FC8B2D-C816-410C-ACA0-2162038C25C3}.Release|Any CPU.Build.0 = Release|Any CPU
		{0A06CCC8-A0E3-4B3D-90F0-217365353478}.Debug|Any CPU.ActiveCfg = Debug|Any CPU
		{0A06CCC8-A0E3-4B3D-90F0-217365353478}.Debug|Any CPU.Build.0 = Debug|Any CPU
		{0A06CCC8-A0E3-4B3D-90F0-217365353478}.Release|Any CPU.ActiveCfg = Release|Any CPU
		{0A06CCC8-A0E3-4B3D-90F0-217365353478}.Release|Any CPU.Build.0 = Release|Any CPU
		{C33EF3A2-25A3-4B49-8E44-8F9AECB897BE}.Debug|Any CPU.ActiveCfg = Debug|Any CPU
		{C33EF3A2-25A3-4B49-8E44-8F9AECB897BE}.Debug|Any CPU.Build.0 = Debug|Any CPU
		{C33EF3A2-25A3-4B49-8E44-8F9AECB897BE}.Release|Any CPU.ActiveCfg = Release|Any CPU
		{C33EF3A2-25A3-4B49-8E44-8F9AECB897BE}.Release|Any CPU.Build.0 = Release|Any CPU
		{E6200BFA-63CE-4ECF-AD51-7304E42B4A83}.Debug|Any CPU.ActiveCfg = Debug|Any CPU
		{E6200BFA-63CE-4ECF-AD51-7304E42B4A83}.Debug|Any CPU.Build.0 = Debug|Any CPU
		{E6200BFA-63CE-4ECF-AD51-7304E42B4A83}.Release|Any CPU.ActiveCfg = Release|Any CPU
		{E6200BFA-63CE-4ECF-AD51-7304E42B4A83}.Release|Any CPU.Build.0 = Release|Any CPU
		{6F0E4386-D2A4-45E7-9734-DED977101021}.Debug|Any CPU.ActiveCfg = Debug|Any CPU
		{6F0E4386-D2A4-45E7-9734-DED977101021}.Debug|Any CPU.Build.0 = Debug|Any CPU
		{6F0E4386-D2A4-45E7-9734-DED977101021}.Release|Any CPU.ActiveCfg = Release|Any CPU
		{6F0E4386-D2A4-45E7-9734-DED977101021}.Release|Any CPU.Build.0 = Release|Any CPU
		{C78143B5-8AF0-4CC8-A6EB-4AC371F66DD7}.Debug|Any CPU.ActiveCfg = Debug|Any CPU
		{C78143B5-8AF0-4CC8-A6EB-4AC371F66DD7}.Debug|Any CPU.Build.0 = Debug|Any CPU
		{C78143B5-8AF0-4CC8-A6EB-4AC371F66DD7}.Release|Any CPU.ActiveCfg = Release|Any CPU
		{C78143B5-8AF0-4CC8-A6EB-4AC371F66DD7}.Release|Any CPU.Build.0 = Release|Any CPU
		{613F3399-9B76-42B9-BA60-B07EA4796CB6}.Debug|Any CPU.ActiveCfg = Debug|Any CPU
		{613F3399-9B76-42B9-BA60-B07EA4796CB6}.Debug|Any CPU.Build.0 = Debug|Any CPU
		{613F3399-9B76-42B9-BA60-B07EA4796CB6}.Release|Any CPU.ActiveCfg = Release|Any CPU
		{613F3399-9B76-42B9-BA60-B07EA4796CB6}.Release|Any CPU.Build.0 = Release|Any CPU
		{1F515BDB-8C42-4A76-A4AD-53A5A3524B69}.Debug|Any CPU.ActiveCfg = Debug|Any CPU
		{1F515BDB-8C42-4A76-A4AD-53A5A3524B69}.Debug|Any CPU.Build.0 = Debug|Any CPU
		{1F515BDB-8C42-4A76-A4AD-53A5A3524B69}.Release|Any CPU.ActiveCfg = Release|Any CPU
		{1F515BDB-8C42-4A76-A4AD-53A5A3524B69}.Release|Any CPU.Build.0 = Release|Any CPU
		{B97DE23D-32E1-4FBF-9997-21B60A980203}.Debug|Any CPU.ActiveCfg = Debug|Any CPU
		{B97DE23D-32E1-4FBF-9997-21B60A980203}.Debug|Any CPU.Build.0 = Debug|Any CPU
		{B97DE23D-32E1-4FBF-9997-21B60A980203}.Release|Any CPU.ActiveCfg = Release|Any CPU
		{B97DE23D-32E1-4FBF-9997-21B60A980203}.Release|Any CPU.Build.0 = Release|Any CPU
	EndGlobalSection
	GlobalSection(SolutionProperties) = preSolution
		HideSolutionNode = FALSE
	EndGlobalSection
	GlobalSection(ExtensibilityGlobals) = postSolution
		SolutionGuid = {57108497-C79E-449E-B10F-FDE13616201E}
	EndGlobalSection
EndGlobal
